
Microsoft Visual Studio Solution File, Format Version 12.00
# Visual Studio Version 17
VisualStudioVersion = 17.8.34330.188
MinimumVisualStudioVersion = 10.0.40219.1
Project("{2150E333-8FDC-42A3-9474-1A3956D46DE8}") = "src", "src", "{57B85951-1197-4521-9B22-F594C0C64766}"
EndProject
Project("{2150E333-8FDC-42A3-9474-1A3956D46DE8}") = "test", "test", "{4681922C-29BB-4C6E-8C48-2F83C5373576}"
EndProject
Project("{2150E333-8FDC-42A3-9474-1A3956D46DE8}") = "Core", "Core", "{55CA3F58-FB7C-4CE4-BBBD-83E44C5FD423}"
EndProject
Project("{2150E333-8FDC-42A3-9474-1A3956D46DE8}") = "Domain", "Domain", "{95FA1E8A-4300-4E96-987E-7A5044448EF3}"
EndProject
Project("{2150E333-8FDC-42A3-9474-1A3956D46DE8}") = "Application", "Application", "{FE543BC5-D215-4B97-984E-C9ADE7DC4E22}"
EndProject
Project("{2150E333-8FDC-42A3-9474-1A3956D46DE8}") = "API", "API", "{B177ADCB-71C0-4626-BCA7-AC6AC9EF47C8}"
EndProject
Project("{2150E333-8FDC-42A3-9474-1A3956D46DE8}") = "UI", "UI", "{AA6F1298-8200-4DC1-B376-D88CFB9E41A7}"
EndProject
Project("{9A19103F-16F7-4668-BE54-9A1E7A4F7556}") = "AdoptPets.Domain", "AdoptPets.Domain\AdoptPets.Domain.csproj", "{3F421C7B-DFDA-4F67-BC6C-DF92F217A3E6}"
EndProject
Project("{2150E333-8FDC-42A3-9474-1A3956D46DE8}") = "Infrastructure", "Infrastructure", "{D8D4B08C-6B6B-403B-B9F1-EBEB6250CDB1}"
EndProject
Project("{9A19103F-16F7-4668-BE54-9A1E7A4F7556}") = "AdoptPets.Application", "Application\AdoptPets.Application.csproj", "{022C102B-3AF6-4861-AB29-C3FCA6064352}"
EndProject
Project("{9A19103F-16F7-4668-BE54-9A1E7A4F7556}") = "AdoptPets.API", "AdoptPets.API\AdoptPets.API.csproj", "{A3E81594-E4D1-4A01-BFFE-AF5DD2078E33}"
EndProject
Project("{9A19103F-16F7-4668-BE54-9A1E7A4F7556}") = "AdoptPets.Infrastructure", "Infrastructure\AdoptPets.Infrastructure.csproj", "{753A550B-4E38-47BB-89AA-2B005DE66583}"
EndProject
Project("{FAE04EC0-301F-11D3-BF4B-00C04F79EFBC}") = "Identity", "Identity\Identity.csproj", "{DAD53D7C-2314-4E84-BED6-32CDE4E0A431}"
EndProject
Global
	GlobalSection(SolutionConfigurationPlatforms) = preSolution
		Debug|Any CPU = Debug|Any CPU
		Release|Any CPU = Release|Any CPU
	EndGlobalSection
	GlobalSection(ProjectConfigurationPlatforms) = postSolution
		{3F421C7B-DFDA-4F67-BC6C-DF92F217A3E6}.Debug|Any CPU.ActiveCfg = Debug|Any CPU
		{3F421C7B-DFDA-4F67-BC6C-DF92F217A3E6}.Debug|Any CPU.Build.0 = Debug|Any CPU
		{3F421C7B-DFDA-4F67-BC6C-DF92F217A3E6}.Release|Any CPU.ActiveCfg = Release|Any CPU
		{3F421C7B-DFDA-4F67-BC6C-DF92F217A3E6}.Release|Any CPU.Build.0 = Release|Any CPU
		{022C102B-3AF6-4861-AB29-C3FCA6064352}.Debug|Any CPU.ActiveCfg = Debug|Any CPU
		{022C102B-3AF6-4861-AB29-C3FCA6064352}.Debug|Any CPU.Build.0 = Debug|Any CPU
		{022C102B-3AF6-4861-AB29-C3FCA6064352}.Release|Any CPU.ActiveCfg = Release|Any CPU
		{022C102B-3AF6-4861-AB29-C3FCA6064352}.Release|Any CPU.Build.0 = Release|Any CPU
		{A3E81594-E4D1-4A01-BFFE-AF5DD2078E33}.Debug|Any CPU.ActiveCfg = Debug|Any CPU
		{A3E81594-E4D1-4A01-BFFE-AF5DD2078E33}.Debug|Any CPU.Build.0 = Debug|Any CPU
		{A3E81594-E4D1-4A01-BFFE-AF5DD2078E33}.Release|Any CPU.ActiveCfg = Release|Any CPU
		{A3E81594-E4D1-4A01-BFFE-AF5DD2078E33}.Release|Any CPU.Build.0 = Release|Any CPU
		{753A550B-4E38-47BB-89AA-2B005DE66583}.Debug|Any CPU.ActiveCfg = Debug|Any CPU
		{753A550B-4E38-47BB-89AA-2B005DE66583}.Debug|Any CPU.Build.0 = Debug|Any CPU
		{753A550B-4E38-47BB-89AA-2B005DE66583}.Release|Any CPU.ActiveCfg = Release|Any CPU
		{753A550B-4E38-47BB-89AA-2B005DE66583}.Release|Any CPU.Build.0 = Release|Any CPU
		{DAD53D7C-2314-4E84-BED6-32CDE4E0A431}.Debug|Any CPU.ActiveCfg = Debug|Any CPU
		{DAD53D7C-2314-4E84-BED6-32CDE4E0A431}.Debug|Any CPU.Build.0 = Debug|Any CPU
		{DAD53D7C-2314-4E84-BED6-32CDE4E0A431}.Release|Any CPU.ActiveCfg = Release|Any CPU
		{DAD53D7C-2314-4E84-BED6-32CDE4E0A431}.Release|Any CPU.Build.0 = Release|Any CPU
	EndGlobalSection
	GlobalSection(SolutionProperties) = preSolution
		HideSolutionNode = FALSE
	EndGlobalSection
	GlobalSection(NestedProjects) = preSolution
		{55CA3F58-FB7C-4CE4-BBBD-83E44C5FD423} = {57B85951-1197-4521-9B22-F594C0C64766}
		{95FA1E8A-4300-4E96-987E-7A5044448EF3} = {55CA3F58-FB7C-4CE4-BBBD-83E44C5FD423}
		{FE543BC5-D215-4B97-984E-C9ADE7DC4E22} = {55CA3F58-FB7C-4CE4-BBBD-83E44C5FD423}
		{B177ADCB-71C0-4626-BCA7-AC6AC9EF47C8} = {57B85951-1197-4521-9B22-F594C0C64766}
		{AA6F1298-8200-4DC1-B376-D88CFB9E41A7} = {57B85951-1197-4521-9B22-F594C0C64766}
		{3F421C7B-DFDA-4F67-BC6C-DF92F217A3E6} = {95FA1E8A-4300-4E96-987E-7A5044448EF3}
		{D8D4B08C-6B6B-403B-B9F1-EBEB6250CDB1} = {57B85951-1197-4521-9B22-F594C0C64766}
		{022C102B-3AF6-4861-AB29-C3FCA6064352} = {FE543BC5-D215-4B97-984E-C9ADE7DC4E22}
		{A3E81594-E4D1-4A01-BFFE-AF5DD2078E33} = {B177ADCB-71C0-4626-BCA7-AC6AC9EF47C8}
		{753A550B-4E38-47BB-89AA-2B005DE66583} = {D8D4B08C-6B6B-403B-B9F1-EBEB6250CDB1}
		{DAD53D7C-2314-4E84-BED6-32CDE4E0A431} = {D8D4B08C-6B6B-403B-B9F1-EBEB6250CDB1}
	EndGlobalSection
	GlobalSection(ExtensibilityGlobals) = postSolution
		SolutionGuid = {F9A60B51-62B1-43F2-A530-8B79A1FEBDA3}
	EndGlobalSection
EndGlobal
